
Microsoft Visual Studio Solution File, Format Version 12.00
# Visual Studio Version 17
VisualStudioVersion = 17.3.32929.385
MinimumVisualStudioVersion = 10.0.40219.1
Project("{9A19103F-16F7-4668-BE54-9A1E7A4F7556}") = "DomainDrivenDesignExample.Host", "src\DomainDrivenDesignExample.Host\DomainDrivenDesignExample.Host.csproj", "{6500828A-BBE6-4BAD-96B2-97511C765EEB}"
EndProject
Project("{9A19103F-16F7-4668-BE54-9A1E7A4F7556}") = "DomainDrivenDesignExample.Contracts", "src\DomainDrivenDesignExample.Contracts\DomainDrivenDesignExample.Contracts.csproj", "{17AE5B6F-A896-435A-85E7-E4A61E4D2521}"
EndProject
Project("{9A19103F-16F7-4668-BE54-9A1E7A4F7556}") = "DomainDrivenDesignExample.Handlers", "src\DomainDrivenDesignExample.Handlers\DomainDrivenDesignExample.Handlers.csproj", "{6E4C7173-8B22-4C28-B0BE-39112D3E0678}"
EndProject
Project("{FAE04EC0-301F-11D3-BF4B-00C04F79EFBC}") = "DomainDrivenDesignExample.Domain", "src\DomainDrivenDesignExample.Domain\DomainDrivenDesignExample.Domain.csproj", "{0577E372-F146-494F-9E17-EF083B357D40}"
EndProject
Project("{FAE04EC0-301F-11D3-BF4B-00C04F79EFBC}") = "DomainDrivenDesignExample.Repositories", "src\DomainDrivenDesignExample.Repositories\DomainDrivenDesignExample.Repositories.csproj", "{0DD1D016-A1D1-43BD-8FCD-4F6AE8D99AA1}"
EndProject
Global
	GlobalSection(SolutionConfigurationPlatforms) = preSolution
		Debug|Any CPU = Debug|Any CPU
		Release|Any CPU = Release|Any CPU
	EndGlobalSection
	GlobalSection(ProjectConfigurationPlatforms) = postSolution
		{6500828A-BBE6-4BAD-96B2-97511C765EEB}.Debug|Any CPU.ActiveCfg = Debug|Any CPU
		{6500828A-BBE6-4BAD-96B2-97511C765EEB}.Debug|Any CPU.Build.0 = Debug|Any CPU
		{6500828A-BBE6-4BAD-96B2-97511C765EEB}.Release|Any CPU.ActiveCfg = Release|Any CPU
		{6500828A-BBE6-4BAD-96B2-97511C765EEB}.Release|Any CPU.Build.0 = Release|Any CPU
		{17AE5B6F-A896-435A-85E7-E4A61E4D2521}.Debug|Any CPU.ActiveCfg = Debug|Any CPU
		{17AE5B6F-A896-435A-85E7-E4A61E4D2521}.Debug|Any CPU.Build.0 = Debug|Any CPU
		{17AE5B6F-A896-435A-85E7-E4A61E4D2521}.Release|Any CPU.ActiveCfg = Release|Any CPU
		{17AE5B6F-A896-435A-85E7-E4A61E4D2521}.Release|Any CPU.Build.0 = Release|Any CPU
		{6E4C7173-8B22-4C28-B0BE-39112D3E0678}.Debug|Any CPU.ActiveCfg = Debug|Any CPU
		{6E4C7173-8B22-4C28-B0BE-39112D3E0678}.Debug|Any CPU.Build.0 = Debug|Any CPU
		{6E4C7173-8B22-4C28-B0BE-39112D3E0678}.Release|Any CPU.ActiveCfg = Release|Any CPU
		{6E4C7173-8B22-4C28-B0BE-39112D3E0678}.Release|Any CPU.Build.0 = Release|Any CPU
		{0577E372-F146-494F-9E17-EF083B357D40}.Debug|Any CPU.ActiveCfg = Debug|Any CPU
		{0577E372-F146-494F-9E17-EF083B357D40}.Debug|Any CPU.Build.0 = Debug|Any CPU
		{0577E372-F146-494F-9E17-EF083B357D40}.Release|Any CPU.ActiveCfg = Release|Any CPU
		{0577E372-F146-494F-9E17-EF083B357D40}.Release|Any CPU.Build.0 = Release|Any CPU
		{0DD1D016-A1D1-43BD-8FCD-4F6AE8D99AA1}.Debug|Any CPU.ActiveCfg = Debug|Any CPU
		{0DD1D016-A1D1-43BD-8FCD-4F6AE8D99AA1}.Debug|Any CPU.Build.0 = Debug|Any CPU
		{0DD1D016-A1D1-43BD-8FCD-4F6AE8D99AA1}.Release|Any CPU.ActiveCfg = Release|Any CPU
		{0DD1D016-A1D1-43BD-8FCD-4F6AE8D99AA1}.Release|Any CPU.Build.0 = Release|Any CPU
	EndGlobalSection
	GlobalSection(SolutionProperties) = preSolution
		HideSolutionNode = FALSE
	EndGlobalSection
	GlobalSection(ExtensibilityGlobals) = postSolution
		SolutionGuid = {E2A5620E-B47E-4CE1-BD40-943FE43E4BBF}
	EndGlobalSection
EndGlobal
